
Microsoft Visual Studio Solution File, Format Version 12.00
# Visual Studio Version 16
VisualStudioVersion = 16.0.29306.81
MinimumVisualStudioVersion = 10.0.40219.1
Project("{FAE04EC0-301F-11D3-BF4B-00C04F79EFBC}") = "DBMigrateESFinal", "DBMigrateESFinal\DBMigrateESFinal.csproj", "{FDD34BB9-119D-4758-AA79-BA5754DAE7D9}"
EndProject
Global
	GlobalSection(SolutionConfigurationPlatforms) = preSolution
		Debug|Any CPU = Debug|Any CPU
		Release|Any CPU = Release|Any CPU
	EndGlobalSection
	GlobalSection(ProjectConfigurationPlatforms) = postSolution
		{FDD34BB9-119D-4758-AA79-BA5754DAE7D9}.Debug|Any CPU.ActiveCfg = Debug|Any CPU
		{FDD34BB9-119D-4758-AA79-BA5754DAE7D9}.Debug|Any CPU.Build.0 = Debug|Any CPU
		{FDD34BB9-119D-4758-AA79-BA5754DAE7D9}.Release|Any CPU.ActiveCfg = Release|Any CPU
		{FDD34BB9-119D-4758-AA79-BA5754DAE7D9}.Release|Any CPU.Build.0 = Release|Any CPU
	EndGlobalSection
	GlobalSection(SolutionProperties) = preSolution
		HideSolutionNode = FALSE
	EndGlobalSection
	GlobalSection(ExtensibilityGlobals) = postSolution
		SolutionGuid = {0BECED8E-C9D5-415F-A53D-F17A9DE8B43D}
	EndGlobalSection
EndGlobal
